{
  "name": "aoc2021",
  "version": "1.0.0",
  "lockfileVersion": 1,
  "requires": true,
  "dependencies": {
    "@tootallnate/once": {
      "version": "2.0.0",
      "resolved": "https://repo.dev.wixpress.com/artifactory/api/npm/npm-repos/@tootallnate/once/-/once-2.0.0.tgz",
      "integrity": "sha1-9UShSNOrNYAcH2M6dEH9h8LkhL8=",
      "dev": true
    },
    "@types/lodash": {
      "version": "4.14.190",
      "resolved": "https://repo.dev.wixpress.com/artifactory/api/npm/npm-repos/@types/lodash/-/lodash-4.14.190.tgz",
      "integrity": "sha1-2OmWR68UHGOQLQylPPKzTS3zNUU=",
      "dev": true
    },
    "@types/node": {
      "version": "16.18.3",
      "resolved": "https://repo.dev.wixpress.com/artifactory/api/npm/npm-repos/@types/node/-/node-16.18.3.tgz",
      "integrity": "sha1-1/e6gorZ5UAnDwHOANORxU5uCrw=",
      "dev": true
    },
    "abab": {
      "version": "2.0.6",
      "resolved": "https://repo.dev.wixpress.com/artifactory/api/npm/npm-repos/abab/-/abab-2.0.6.tgz",
      "integrity": "sha1-QbgPLIcdGWhiFrgjCSMc/Tyz0pE=",
      "dev": true
    },
    "acorn": {
      "version": "8.8.1",
      "resolved": "https://repo.dev.wixpress.com/artifactory/api/npm/npm-repos/acorn/-/acorn-8.8.1.tgz",
      "integrity": "sha1-Cj+cvsxOw76m8KgLZq6N0tolC3M=",
      "dev": true
    },
    "acorn-globals": {
      "version": "6.0.0",
      "resolved": "https://repo.dev.wixpress.com/artifactory/api/npm/npm-repos/acorn-globals/-/acorn-globals-6.0.0.tgz",
      "integrity": "sha1-Rs3Tnw+P8IqHZhm1X1rIptx3C0U=",
      "dev": true,
      "requires": {
        "acorn": "^7.1.1",
        "acorn-walk": "^7.1.1"
      },
      "dependencies": {
        "acorn": {
          "version": "7.4.1",
          "resolved": "https://repo.dev.wixpress.com/artifactory/api/npm/npm-repos/acorn/-/acorn-7.4.1.tgz",
          "integrity": "sha1-/q7SVZc9LndVW4PbwIhRpsY1IPo=",
          "dev": true
        }
      }
    },
    "acorn-walk": {
      "version": "7.2.0",
      "resolved": "https://repo.dev.wixpress.com/artifactory/api/npm/npm-repos/acorn-walk/-/acorn-walk-7.2.0.tgz",
      "integrity": "sha1-DeiJpgEgOQmw++B7iTjcIdLpZ7w=",
      "dev": true
    },
    "agent-base": {
      "version": "6.0.2",
      "resolved": "https://repo.dev.wixpress.com/artifactory/api/npm/npm-repos/agent-base/-/agent-base-6.0.2.tgz",
      "integrity": "sha1-Sf/1hXfP7j83F2/qtMIuAPhtf3c=",
      "dev": true,
      "requires": {
        "debug": "4"
      }
    },
    "anymatch": {
      "version": "3.1.3",
      "resolved": "https://repo.dev.wixpress.com/artifactory/api/npm/npm-repos/anymatch/-/anymatch-3.1.3.tgz",
      "integrity": "sha1-eQxYsZuhcgqEIFtXxhjVrYUklz4=",
      "dev": true,
      "requires": {
        "normalize-path": "^3.0.0",
        "picomatch": "^2.0.4"
      }
    },
    "aocrunner": {
      "version": "1.6.1",
      "resolved": "https://repo.dev.wixpress.com/artifactory/api/npm/npm-repos/aocrunner/-/aocrunner-1.6.1.tgz",
      "integrity": "sha1-+aGleoyocz2D0Y2VpZl2AlIk49M=",
      "dev": true,
      "requires": {
        "chokidar": "^3.5.2",
        "common-tags": "^1.8.0",
        "dotenv": "^10.0.0",
        "esbuild": "^0.13.12",
        "get-caller-file": "^2.0.5",
        "jsdom": "^18.0.1",
        "kleur": "^4.1.4",
        "node-fetch": "^3.0.0",
        "prompts": "^2.4.2",
        "tslib": "^2.3.1",
        "typescript": "^4.4.4"
      }
    },
    "asynckit": {
      "version": "0.4.0",
      "resolved": "https://repo.dev.wixpress.com/artifactory/api/npm/npm-repos/asynckit/-/asynckit-0.4.0.tgz",
      "integrity": "sha1-x57Zf380y48robyXkLzDZkdLS3k=",
      "dev": true
    },
    "binary-extensions": {
      "version": "2.2.0",
      "resolved": "https://repo.dev.wixpress.com/artifactory/api/npm/npm-repos/binary-extensions/-/binary-extensions-2.2.0.tgz",
      "integrity": "sha1-dfUC7q+f/eQvyYgpZFvk6na9ni0=",
      "dev": true
    },
    "braces": {
      "version": "3.0.2",
      "resolved": "https://repo.dev.wixpress.com/artifactory/api/npm/npm-repos/braces/-/braces-3.0.2.tgz",
      "integrity": "sha1-NFThpGLujVmeI23zNs2epPiv4Qc=",
      "dev": true,
      "requires": {
        "fill-range": "^7.0.1"
      }
    },
    "browser-process-hrtime": {
      "version": "1.0.0",
      "resolved": "https://repo.dev.wixpress.com/artifactory/api/npm/npm-repos/browser-process-hrtime/-/browser-process-hrtime-1.0.0.tgz",
      "integrity": "sha1-PJtLfXgsgSHlbxAQbYTA0P/JRiY=",
      "dev": true
    },
    "chokidar": {
      "version": "3.5.3",
      "resolved": "https://repo.dev.wixpress.com/artifactory/api/npm/npm-repos/chokidar/-/chokidar-3.5.3.tgz",
      "integrity": "sha1-HPN8hwe5Mr0a8a4iwEMuKs0ZA70=",
      "dev": true,
      "requires": {
        "anymatch": "~3.1.2",
        "braces": "~3.0.2",
        "fsevents": "~2.3.2",
        "glob-parent": "~5.1.2",
        "is-binary-path": "~2.1.0",
        "is-glob": "~4.0.1",
        "normalize-path": "~3.0.0",
        "readdirp": "~3.6.0"
      }
    },
    "combined-stream": {
      "version": "1.0.8",
      "resolved": "https://repo.dev.wixpress.com/artifactory/api/npm/npm-repos/combined-stream/-/combined-stream-1.0.8.tgz",
      "integrity": "sha1-w9RaizT9cwYxoRCoolIGgrMdWn8=",
      "dev": true,
      "requires": {
        "delayed-stream": "~1.0.0"
      }
    },
    "common-tags": {
      "version": "1.8.2",
      "resolved": "https://repo.dev.wixpress.com/artifactory/api/npm/npm-repos/common-tags/-/common-tags-1.8.2.tgz",
      "integrity": "sha1-lOuzwHbSYDJ0X9VPrOf2iO9aycY=",
      "dev": true
    },
    "cssom": {
      "version": "0.5.0",
      "resolved": "https://repo.dev.wixpress.com/artifactory/api/npm/npm-repos/cssom/-/cssom-0.5.0.tgz",
      "integrity": "sha1-0lT6ks2Lb72DgRufuu00ZjzBfDY=",
      "dev": true
    },
    "cssstyle": {
      "version": "2.3.0",
      "resolved": "https://repo.dev.wixpress.com/artifactory/api/npm/npm-repos/cssstyle/-/cssstyle-2.3.0.tgz",
      "integrity": "sha1-/2ZaDdvcMYZLCWR/NBY0Q9kLCFI=",
      "dev": true,
      "requires": {
        "cssom": "~0.3.6"
      },
      "dependencies": {
        "cssom": {
          "version": "0.3.8",
          "resolved": "https://repo.dev.wixpress.com/artifactory/api/npm/npm-repos/cssom/-/cssom-0.3.8.tgz",
          "integrity": "sha1-nxJ29bK0Y/IRTT8sdSUK+MGjb0o=",
          "dev": true
        }
      }
    },
    "data-uri-to-buffer": {
      "version": "4.0.0",
      "resolved": "https://repo.dev.wixpress.com/artifactory/api/npm/npm-repos/data-uri-to-buffer/-/data-uri-to-buffer-4.0.0.tgz",
      "integrity": "sha1-tdtGrqUPYXZCisBbc745pXcBpks=",
      "dev": true
    },
    "data-urls": {
      "version": "3.0.2",
      "resolved": "https://repo.dev.wixpress.com/artifactory/api/npm/npm-repos/data-urls/-/data-urls-3.0.2.tgz",
      "integrity": "sha1-nPJKR3riK871zV9vC/vB0tO+kUM=",
      "dev": true,
      "requires": {
        "abab": "^2.0.6",
        "whatwg-mimetype": "^3.0.0",
        "whatwg-url": "^11.0.0"
      },
      "dependencies": {
        "whatwg-url": {
          "version": "11.0.0",
          "resolved": "https://repo.dev.wixpress.com/artifactory/api/npm/npm-repos/whatwg-url/-/whatwg-url-11.0.0.tgz",
          "integrity": "sha1-CoSe67X68hGbkBu3b9eVwoSNQBg=",
          "dev": true,
          "requires": {
            "tr46": "^3.0.0",
            "webidl-conversions": "^7.0.0"
          }
        }
      }
    },
    "debug": {
      "version": "4.3.4",
      "resolved": "https://repo.dev.wixpress.com/artifactory/api/npm/npm-repos/debug/-/debug-4.3.4.tgz",
      "integrity": "sha1-Exn2V5NX8jONMzfSzdSRS7XcyGU=",
      "dev": true,
      "requires": {
        "ms": "2.1.2"
      }
    },
    "decimal.js": {
      "version": "10.4.2",
      "resolved": "https://repo.dev.wixpress.com/artifactory/api/npm/npm-repos/decimal.js/-/decimal.js-10.4.2.tgz",
      "integrity": "sha1-A0FlHR2ZfYYGWizjpEH70NjouY4=",
      "dev": true
    },
    "deep-is": {
      "version": "0.1.4",
      "resolved": "https://repo.dev.wixpress.com/artifactory/api/npm/npm-repos/deep-is/-/deep-is-0.1.4.tgz",
      "integrity": "sha1-pvLc5hL63S7x9Rm3NVHxfoUZmDE=",
      "dev": true
    },
    "delayed-stream": {
      "version": "1.0.0",
      "resolved": "https://repo.dev.wixpress.com/artifactory/api/npm/npm-repos/delayed-stream/-/delayed-stream-1.0.0.tgz",
      "integrity": "sha1-3zrhmayt+31ECqrgsp4icrJOxhk=",
      "dev": true
    },
    "domexception": {
      "version": "4.0.0",
      "resolved": "https://repo.dev.wixpress.com/artifactory/api/npm/npm-repos/domexception/-/domexception-4.0.0.tgz",
      "integrity": "sha1-StG+VsytyG/HbQMzU5magDfQNnM=",
      "dev": true,
      "requires": {
        "webidl-conversions": "^7.0.0"
      }
    },
    "dotenv": {
      "version": "10.0.0",
      "resolved": "https://repo.dev.wixpress.com/artifactory/api/npm/npm-repos/dotenv/-/dotenv-10.0.0.tgz",
      "integrity": "sha1-PUInuPuV+BCWzdK2ZlP7LHCFuoE=",
      "dev": true
    },
    "esbuild": {
      "version": "0.13.15",
      "resolved": "https://repo.dev.wixpress.com/artifactory/api/npm/npm-repos/esbuild/-/esbuild-0.13.15.tgz",
      "integrity": "sha1-21aogWbuNz+H27LYeY/0SeBFDN8=",
      "dev": true,
      "requires": {
        "esbuild-android-arm64": "0.13.15",
        "esbuild-darwin-64": "0.13.15",
        "esbuild-darwin-arm64": "0.13.15",
        "esbuild-freebsd-64": "0.13.15",
        "esbuild-freebsd-arm64": "0.13.15",
        "esbuild-linux-32": "0.13.15",
        "esbuild-linux-64": "0.13.15",
        "esbuild-linux-arm": "0.13.15",
        "esbuild-linux-arm64": "0.13.15",
        "esbuild-linux-mips64le": "0.13.15",
        "esbuild-linux-ppc64le": "0.13.15",
        "esbuild-netbsd-64": "0.13.15",
        "esbuild-openbsd-64": "0.13.15",
        "esbuild-sunos-64": "0.13.15",
        "esbuild-windows-32": "0.13.15",
        "esbuild-windows-64": "0.13.15",
        "esbuild-windows-arm64": "0.13.15"
      }
    },
    "esbuild-android-arm64": {
      "version": "0.13.15",
      "resolved": "https://repo.dev.wixpress.com/artifactory/api/npm/npm-repos/esbuild-android-arm64/-/esbuild-android-arm64-0.13.15.tgz",
      "integrity": "sha1-P8P/C6t2/jXdI3R2tdKzK7IKPUQ=",
      "dev": true,
      "optional": true
    },
    "esbuild-darwin-64": {
      "version": "0.13.15",
      "resolved": "https://repo.dev.wixpress.com/artifactory/api/npm/npm-repos/esbuild-darwin-64/-/esbuild-darwin-64-0.13.15.tgz",
      "integrity": "sha1-jpFpwWuvRE6s7GDQmyTRGyVajnI=",
      "dev": true,
      "optional": true
    },
    "esbuild-darwin-arm64": {
      "version": "0.13.15",
      "resolved": "https://repo.dev.wixpress.com/artifactory/api/npm/npm-repos/esbuild-darwin-arm64/-/esbuild-darwin-arm64-0.13.15.tgz",
      "integrity": "sha1-Gwf4k7YyEU+AXhiN38pBsrd4Ipo=",
      "dev": true,
      "optional": true
    },
    "esbuild-freebsd-64": {
      "version": "0.13.15",
      "resolved": "https://repo.dev.wixpress.com/artifactory/api/npm/npm-repos/esbuild-freebsd-64/-/esbuild-freebsd-64-0.13.15.tgz",
      "integrity": "sha1-C4t+yhaQyOyUx1aAw4wHJpwfSoU=",
      "dev": true,
      "optional": true
    },
    "esbuild-freebsd-arm64": {
      "version": "0.13.15",
      "resolved": "https://repo.dev.wixpress.com/artifactory/api/npm/npm-repos/esbuild-freebsd-arm64/-/esbuild-freebsd-arm64-0.13.15.tgz",
      "integrity": "sha1-LhpsaWv9zSCplXi3Y1C0HbGTTlI=",
      "dev": true,
      "optional": true
    },
    "esbuild-linux-32": {
      "version": "0.13.15",
      "resolved": "https://repo.dev.wixpress.com/artifactory/api/npm/npm-repos/esbuild-linux-32/-/esbuild-linux-32-0.13.15.tgz",
      "integrity": "sha1-b9OfNvxm3UW2tfUVcox7vrw0Kmk=",
      "dev": true,
      "optional": true
    },
    "esbuild-linux-64": {
      "version": "0.13.15",
      "resolved": "https://repo.dev.wixpress.com/artifactory/api/npm/npm-repos/esbuild-linux-64/-/esbuild-linux-64-0.13.15.tgz",
      "integrity": "sha1-nLjkvNdXTmeUbk7l8fHhI4a7bdM=",
      "dev": true,
      "optional": true
    },
    "esbuild-linux-arm": {
      "version": "0.13.15",
      "resolved": "https://repo.dev.wixpress.com/artifactory/api/npm/npm-repos/esbuild-linux-arm/-/esbuild-linux-arm-0.13.15.tgz",
      "integrity": "sha1-igDpnmoMbJprfzNIQTZNiitK7P4=",
      "dev": true,
      "optional": true
    },
    "esbuild-linux-arm64": {
      "version": "0.13.15",
      "resolved": "https://repo.dev.wixpress.com/artifactory/api/npm/npm-repos/esbuild-linux-arm64/-/esbuild-linux-arm64-0.13.15.tgz",
      "integrity": "sha1-OJGqNwTsV5obktKlhhIuW2or+6E=",
      "dev": true,
      "optional": true
    },
    "esbuild-linux-mips64le": {
      "version": "0.13.15",
      "resolved": "https://repo.dev.wixpress.com/artifactory/api/npm/npm-repos/esbuild-linux-mips64le/-/esbuild-linux-mips64le-0.13.15.tgz",
      "integrity": "sha1-NrB8xHw9IeSNs7sfTZ749Grq1Pc=",
      "dev": true,
      "optional": true
    },
    "esbuild-linux-ppc64le": {
      "version": "0.13.15",
      "resolved": "https://repo.dev.wixpress.com/artifactory/api/npm/npm-repos/esbuild-linux-ppc64le/-/esbuild-linux-ppc64le-0.13.15.tgz",
      "integrity": "sha1-9+a7pAuaEeudyuWwFVDqBGcO2tI=",
      "dev": true,
      "optional": true
    },
    "esbuild-netbsd-64": {
      "version": "0.13.15",
      "resolved": "https://repo.dev.wixpress.com/artifactory/api/npm/npm-repos/esbuild-netbsd-64/-/esbuild-netbsd-64-0.13.15.tgz",
      "integrity": "sha1-ov7cVJwrYp1YCnMthAcSsI1EADg=",
      "dev": true,
      "optional": true
    },
    "esbuild-openbsd-64": {
      "version": "0.13.15",
      "resolved": "https://repo.dev.wixpress.com/artifactory/api/npm/npm-repos/esbuild-openbsd-64/-/esbuild-openbsd-64-0.13.15.tgz",
      "integrity": "sha1-siwOWAbTofvwMlhyA3+IUwawXNc=",
      "dev": true,
      "optional": true
    },
    "esbuild-sunos-64": {
      "version": "0.13.15",
      "resolved": "https://repo.dev.wixpress.com/artifactory/api/npm/npm-repos/esbuild-sunos-64/-/esbuild-sunos-64-0.13.15.tgz",
      "integrity": "sha1-0LZFSog3XujTlk2u/1XIXJHHzvQ=",
      "dev": true,
      "optional": true
    },
    "esbuild-windows-32": {
      "version": "0.13.15",
      "resolved": "https://repo.dev.wixpress.com/artifactory/api/npm/npm-repos/esbuild-windows-32/-/esbuild-windows-32-0.13.15.tgz",
      "integrity": "sha1-yW0Lm7tS8zAzIlgu+OSEfFrTdac=",
      "dev": true,
      "optional": true
    },
    "esbuild-windows-64": {
      "version": "0.13.15",
      "resolved": "https://repo.dev.wixpress.com/artifactory/api/npm/npm-repos/esbuild-windows-64/-/esbuild-windows-64-0.13.15.tgz",
      "integrity": "sha1-H3nLmx4bsC+yXNQUy5DU6iiSwpQ=",
      "dev": true,
      "optional": true
    },
    "esbuild-windows-arm64": {
      "version": "0.13.15",
      "resolved": "https://repo.dev.wixpress.com/artifactory/api/npm/npm-repos/esbuild-windows-arm64/-/esbuild-windows-arm64-0.13.15.tgz",
      "integrity": "sha1-SCFzBwgQ3yKnUsaGUJw3DDvjs8M=",
      "dev": true,
      "optional": true
    },
    "escodegen": {
      "version": "2.0.0",
      "resolved": "https://repo.dev.wixpress.com/artifactory/api/npm/npm-repos/escodegen/-/escodegen-2.0.0.tgz",
      "integrity": "sha1-XjKxKDPoqo+jXhvwvvqJOASEx90=",
      "dev": true,
      "requires": {
        "esprima": "^4.0.1",
        "estraverse": "^5.2.0",
        "esutils": "^2.0.2",
        "optionator": "^0.8.1",
        "source-map": "~0.6.1"
      }
    },
    "esprima": {
      "version": "4.0.1",
      "resolved": "https://repo.dev.wixpress.com/artifactory/api/npm/npm-repos/esprima/-/esprima-4.0.1.tgz",
      "integrity": "sha1-E7BM2z5sXRnfkatph6hpVhmwqnE=",
      "dev": true
    },
    "estraverse": {
      "version": "5.3.0",
      "resolved": "https://repo.dev.wixpress.com/artifactory/api/npm/npm-repos/estraverse/-/estraverse-5.3.0.tgz",
      "integrity": "sha1-LupSkHAvJquP5TcDcP+GyWXSESM=",
      "dev": true
    },
    "esutils": {
      "version": "2.0.3",
      "resolved": "https://repo.dev.wixpress.com/artifactory/api/npm/npm-repos/esutils/-/esutils-2.0.3.tgz",
      "integrity": "sha1-dNLrTeC42hKTcRkQ1Qd1ubcQ72Q=",
      "dev": true
    },
    "fast-levenshtein": {
      "version": "2.0.6",
      "resolved": "https://repo.dev.wixpress.com/artifactory/api/npm/npm-repos/fast-levenshtein/-/fast-levenshtein-2.0.6.tgz",
      "integrity": "sha1-PYpcZog6FqMMqGQ+hR8Zuqd5eRc=",
      "dev": true
    },
    "fetch-blob": {
      "version": "3.2.0",
      "resolved": "https://repo.dev.wixpress.com/artifactory/api/npm/npm-repos/fetch-blob/-/fetch-blob-3.2.0.tgz",
      "integrity": "sha1-8JuNS71Frcbwwgt+eH55PjCdzOk=",
      "dev": true,
      "requires": {
        "node-domexception": "^1.0.0",
        "web-streams-polyfill": "^3.0.3"
      }
    },
    "fill-range": {
      "version": "7.0.1",
      "resolved": "https://repo.dev.wixpress.com/artifactory/api/npm/npm-repos/fill-range/-/fill-range-7.0.1.tgz",
      "integrity": "sha1-GRmmp8df44ssfHflGYU12prN2kA=",
      "dev": true,
      "requires": {
        "to-regex-range": "^5.0.1"
      }
    },
    "form-data": {
      "version": "4.0.0",
      "resolved": "https://repo.dev.wixpress.com/artifactory/api/npm/npm-repos/form-data/-/form-data-4.0.0.tgz",
      "integrity": "sha1-k5Gdrq82HuUpWEubMWZNwSyfpFI=",
      "dev": true,
      "requires": {
        "asynckit": "^0.4.0",
        "combined-stream": "^1.0.8",
        "mime-types": "^2.1.12"
      }
    },
    "formdata-polyfill": {
      "version": "4.0.10",
      "resolved": "https://repo.dev.wixpress.com/artifactory/api/npm/npm-repos/formdata-polyfill/-/formdata-polyfill-4.0.10.tgz",
      "integrity": "sha1-JIB8McnUAuACqz2McgFEzriEhCM=",
      "dev": true,
      "requires": {
        "fetch-blob": "^3.1.2"
      }
    },
    "fsevents": {
      "version": "2.3.2",
      "resolved": "https://repo.dev.wixpress.com/artifactory/api/npm/npm-repos/fsevents/-/fsevents-2.3.2.tgz",
      "integrity": "sha1-ilJveLj99GI7cJ4Ll1xSwkwC/Ro=",
      "dev": true,
      "optional": true
    },
    "get-caller-file": {
      "version": "2.0.5",
      "resolved": "https://repo.dev.wixpress.com/artifactory/api/npm/npm-repos/get-caller-file/-/get-caller-file-2.0.5.tgz",
      "integrity": "sha1-T5RBKoLbMvNuOwuXQfipf+sDH34=",
      "dev": true
    },
    "glob-parent": {
      "version": "5.1.2",
      "resolved": "https://repo.dev.wixpress.com/artifactory/api/npm/npm-repos/glob-parent/-/glob-parent-5.1.2.tgz",
      "integrity": "sha1-hpgyxYA0/mikCTwX3BXoNA2EAcQ=",
      "dev": true,
      "requires": {
        "is-glob": "^4.0.1"
      }
    },
    "html-encoding-sniffer": {
      "version": "3.0.0",
      "resolved": "https://repo.dev.wixpress.com/artifactory/api/npm/npm-repos/html-encoding-sniffer/-/html-encoding-sniffer-3.0.0.tgz",
      "integrity": "sha1-LLGozw21JBR3blsqegTV3ZgVjek=",
      "dev": true,
      "requires": {
        "whatwg-encoding": "^2.0.0"
      }
    },
    "http-proxy-agent": {
      "version": "5.0.0",
      "resolved": "https://repo.dev.wixpress.com/artifactory/api/npm/npm-repos/http-proxy-agent/-/http-proxy-agent-5.0.0.tgz",
      "integrity": "sha1-USmAAgNSDUNPFCvHj/PBcIAPK0M=",
      "dev": true,
      "requires": {
        "@tootallnate/once": "2",
        "agent-base": "6",
        "debug": "4"
      }
    },
    "https-proxy-agent": {
      "version": "5.0.1",
      "resolved": "https://repo.dev.wixpress.com/artifactory/api/npm/npm-repos/https-proxy-agent/-/https-proxy-agent-5.0.1.tgz",
      "integrity": "sha1-xZ7yJKBP6LdU89sAY6Jeow0ABdY=",
      "dev": true,
      "requires": {
        "agent-base": "6",
        "debug": "4"
      }
    },
    "iconv-lite": {
      "version": "0.6.3",
      "resolved": "https://repo.dev.wixpress.com/artifactory/api/npm/npm-repos/iconv-lite/-/iconv-lite-0.6.3.tgz",
      "integrity": "sha1-pS+AvzjaGVLrXGgXkHGYcaGnJQE=",
      "dev": true,
      "requires": {
        "safer-buffer": ">= 2.1.2 < 3.0.0"
      }
    },
    "is-binary-path": {
      "version": "2.1.0",
      "resolved": "https://repo.dev.wixpress.com/artifactory/api/npm/npm-repos/is-binary-path/-/is-binary-path-2.1.0.tgz",
      "integrity": "sha1-6h9/O4DwZCNug0cPhsCcJU+0Wwk=",
      "dev": true,
      "requires": {
        "binary-extensions": "^2.0.0"
      }
    },
    "is-extglob": {
      "version": "2.1.1",
      "resolved": "https://repo.dev.wixpress.com/artifactory/api/npm/npm-repos/is-extglob/-/is-extglob-2.1.1.tgz",
      "integrity": "sha1-qIwCU1eR8C7TfHahueqXc8gz+MI=",
      "dev": true
    },
    "is-glob": {
      "version": "4.0.3",
      "resolved": "https://repo.dev.wixpress.com/artifactory/api/npm/npm-repos/is-glob/-/is-glob-4.0.3.tgz",
      "integrity": "sha1-ZPYeQsu7LuwgcanawLKLoeZdUIQ=",
      "dev": true,
      "requires": {
        "is-extglob": "^2.1.1"
      }
    },
    "is-number": {
      "version": "7.0.0",
      "resolved": "https://repo.dev.wixpress.com/artifactory/api/npm/npm-repos/is-number/-/is-number-7.0.0.tgz",
      "integrity": "sha1-dTU0W4lnNNX4DE0GxQlVUnoU8Ss=",
      "dev": true
    },
    "is-potential-custom-element-name": {
      "version": "1.0.1",
      "resolved": "https://repo.dev.wixpress.com/artifactory/api/npm/npm-repos/is-potential-custom-element-name/-/is-potential-custom-element-name-1.0.1.tgz",
      "integrity": "sha1-Fx7W8Z46xVQ5Tt94yqBXhKRb67U=",
      "dev": true
    },
    "jsdom": {
      "version": "18.1.1",
      "resolved": "https://repo.dev.wixpress.com/artifactory/api/npm/npm-repos/jsdom/-/jsdom-18.1.1.tgz",
      "integrity": "sha1-FeyJb1q335ZppiN1YG9HyMCVUao=",
      "dev": true,
      "requires": {
        "abab": "^2.0.5",
        "acorn": "^8.5.0",
        "acorn-globals": "^6.0.0",
        "cssom": "^0.5.0",
        "cssstyle": "^2.3.0",
        "data-urls": "^3.0.1",
        "decimal.js": "^10.3.1",
        "domexception": "^4.0.0",
        "escodegen": "^2.0.0",
        "form-data": "^4.0.0",
        "html-encoding-sniffer": "^3.0.0",
        "http-proxy-agent": "^5.0.0",
        "https-proxy-agent": "^5.0.0",
        "is-potential-custom-element-name": "^1.0.1",
        "nwsapi": "^2.2.0",
        "parse5": "6.0.1",
        "saxes": "^5.0.1",
        "symbol-tree": "^3.2.4",
        "tough-cookie": "^4.0.0",
        "w3c-hr-time": "^1.0.2",
        "w3c-xmlserializer": "^3.0.0",
        "webidl-conversions": "^7.0.0",
        "whatwg-encoding": "^2.0.0",
        "whatwg-mimetype": "^3.0.0",
        "whatwg-url": "^10.0.0",
        "ws": "^8.2.3",
        "xml-name-validator": "^4.0.0"
      }
    },
    "kleur": {
      "version": "4.1.5",
      "resolved": "https://repo.dev.wixpress.com/artifactory/api/npm/npm-repos/kleur/-/kleur-4.1.5.tgz",
      "integrity": "sha1-lRBhAXlfcFDGxlDzUMaD/r3bF4A=",
      "dev": true
    },
    "levn": {
      "version": "0.3.0",
      "resolved": "https://repo.dev.wixpress.com/artifactory/api/npm/npm-repos/levn/-/levn-0.3.0.tgz",
      "integrity": "sha1-OwmSTt+fCDwEkP3UwLxEIeBHZO4=",
      "dev": true,
      "requires": {
        "prelude-ls": "~1.1.2",
        "type-check": "~0.3.2"
      }
    },
    "lodash": {
      "version": "4.17.21",
      "resolved": "https://repo.dev.wixpress.com/artifactory/api/npm/npm-repos/lodash/-/lodash-4.17.21.tgz",
      "integrity": "sha1-Z5WRxWTDv/quhFTPCz3zcMPWkRw="
    },
    "mime-db": {
      "version": "1.52.0",
      "resolved": "https://repo.dev.wixpress.com/artifactory/api/npm/npm-repos/mime-db/-/mime-db-1.52.0.tgz",
      "integrity": "sha1-u6vNwChZ9JhzAchW4zh85exDv3A=",
      "dev": true
    },
    "mime-types": {
      "version": "2.1.35",
      "resolved": "https://repo.dev.wixpress.com/artifactory/api/npm/npm-repos/mime-types/-/mime-types-2.1.35.tgz",
      "integrity": "sha1-OBqHG2KnNEUGYK497uRIE/cNlZo=",
      "dev": true,
      "requires": {
        "mime-db": "1.52.0"
      }
    },
    "ms": {
      "version": "2.1.2",
      "resolved": "https://repo.dev.wixpress.com/artifactory/api/npm/npm-repos/ms/-/ms-2.1.2.tgz",
      "integrity": "sha1-0J0fNXtEP0kzgqjrPM0YOHKuYAk=",
      "dev": true
    },
    "node-domexception": {
      "version": "1.0.0",
      "resolved": "https://repo.dev.wixpress.com/artifactory/api/npm/npm-repos/node-domexception/-/node-domexception-1.0.0.tgz",
      "integrity": "sha1-aIjbRqH3HAt2s/dVUBa2P+ZHZuU=",
      "dev": true
    },
    "node-fetch": {
      "version": "3.3.0",
      "resolved": "https://repo.dev.wixpress.com/artifactory/api/npm/npm-repos/node-fetch/-/node-fetch-3.3.0.tgz",
      "integrity": "sha1-N+cdtOzCVwV6+CjVI6ckPWUdkeQ=",
      "dev": true,
      "requires": {
        "data-uri-to-buffer": "^4.0.0",
        "fetch-blob": "^3.1.4",
        "formdata-polyfill": "^4.0.10"
      }
    },
    "normalize-path": {
      "version": "3.0.0",
      "resolved": "https://repo.dev.wixpress.com/artifactory/api/npm/npm-repos/normalize-path/-/normalize-path-3.0.0.tgz",
      "integrity": "sha1-Dc1p/yOhybEf0JeDFmRKA4ghamU=",
      "dev": true
    },
    "nwsapi": {
      "version": "2.2.2",
      "resolved": "https://repo.dev.wixpress.com/artifactory/api/npm/npm-repos/nwsapi/-/nwsapi-2.2.2.tgz",
      "integrity": "sha1-5UGIY+eQXfZ9UeyVk41nv4AfC7A=",
      "dev": true
    },
    "optionator": {
      "version": "0.8.3",
      "resolved": "https://repo.dev.wixpress.com/artifactory/api/npm/npm-repos/optionator/-/optionator-0.8.3.tgz",
      "integrity": "sha1-hPodA2/p08fiHZmIS2ARZ+yPtJU=",
      "dev": true,
      "requires": {
        "deep-is": "~0.1.3",
        "fast-levenshtein": "~2.0.6",
        "levn": "~0.3.0",
        "prelude-ls": "~1.1.2",
        "type-check": "~0.3.2",
        "word-wrap": "~1.2.3"
      }
    },
    "parse5": {
      "version": "6.0.1",
      "resolved": "https://repo.dev.wixpress.com/artifactory/api/npm/npm-repos/parse5/-/parse5-6.0.1.tgz",
      "integrity": "sha1-4aHAhcVps9wIMhGE8Zo5zCf3wws=",
      "dev": true
    },
    "picomatch": {
      "version": "2.3.1",
      "resolved": "https://repo.dev.wixpress.com/artifactory/api/npm/npm-repos/picomatch/-/picomatch-2.3.1.tgz",
      "integrity": "sha1-O6ODNzNkbZ0+SZWUbBNlpn+wekI=",
      "dev": true
    },
    "prelude-ls": {
      "version": "1.1.2",
      "resolved": "https://repo.dev.wixpress.com/artifactory/api/npm/npm-repos/prelude-ls/-/prelude-ls-1.1.2.tgz",
      "integrity": "sha1-IZMqVJ9eUv/ZqCf1cOBL5iqX2lQ=",
      "dev": true
    },
    "prettier": {
      "version": "2.8.0",
      "resolved": "https://repo.dev.wixpress.com/artifactory/api/npm/npm-repos/prettier/-/prettier-2.8.0.tgz",
      "integrity": "sha1-x99YOTybp31vujkhrgH6+ZT7nck=",
      "dev": true
    },
    "prompts": {
      "version": "2.4.2",
      "resolved": "https://repo.dev.wixpress.com/artifactory/api/npm/npm-repos/prompts/-/prompts-2.4.2.tgz",
      "integrity": "sha1-e1fnOzpIAprRDr1E90sBcipMsGk=",
      "dev": true,
      "requires": {
        "kleur": "^3.0.3",
        "sisteransi": "^1.0.5"
      },
      "dependencies": {
        "kleur": {
          "version": "3.0.3",
          "resolved": "https://repo.dev.wixpress.com/artifactory/api/npm/npm-repos/kleur/-/kleur-3.0.3.tgz",
          "integrity": "sha1-p5yezIbuHOP6YgbRIWxQHxR/wH4=",
          "dev": true
        }
      }
    },
    "psl": {
      "version": "1.9.0",
      "resolved": "https://repo.dev.wixpress.com/artifactory/api/npm/npm-repos/psl/-/psl-1.9.0.tgz",
      "integrity": "sha1-0N8qE38AeUVl/K87LADNCfjVpac=",
      "dev": true
    },
    "punycode": {
      "version": "2.1.1",
      "resolved": "https://repo.dev.wixpress.com/artifactory/api/npm/npm-repos/punycode/-/punycode-2.1.1.tgz",
      "integrity": "sha1-tYsBCsQMIsVldhbI0sLALHv0eew=",
      "dev": true
    },
    "querystringify": {
      "version": "2.2.0",
      "resolved": "https://repo.dev.wixpress.com/artifactory/api/npm/npm-repos/querystringify/-/querystringify-2.2.0.tgz",
      "integrity": "sha1-M0WUG0FTy50ILY7uTNogFqmu9/Y=",
      "dev": true
    },
    "readdirp": {
      "version": "3.6.0",
      "resolved": "https://repo.dev.wixpress.com/artifactory/api/npm/npm-repos/readdirp/-/readdirp-3.6.0.tgz",
      "integrity": "sha1-dKNwvYVxFuJFspzJc0DNQxoCpsc=",
      "dev": true,
      "requires": {
        "picomatch": "^2.2.1"
      }
    },
    "requires-port": {
      "version": "1.0.0",
      "resolved": "https://repo.dev.wixpress.com/artifactory/api/npm/npm-repos/requires-port/-/requires-port-1.0.0.tgz",
      "integrity": "sha1-kl0mAdOaxIXgkc8NpcbmlNw9yv8=",
      "dev": true
    },
    "safer-buffer": {
      "version": "2.1.2",
      "resolved": "https://repo.dev.wixpress.com/artifactory/api/npm/npm-repos/safer-buffer/-/safer-buffer-2.1.2.tgz",
      "integrity": "sha1-RPoWGwGHuVSd2Eu5GAL5vYOFzWo=",
      "dev": true
    },
    "saxes": {
      "version": "5.0.1",
      "resolved": "https://repo.dev.wixpress.com/artifactory/api/npm/npm-repos/saxes/-/saxes-5.0.1.tgz",
      "integrity": "sha1-7rq5U/o7dgjb6U5drbFciI+maW0=",
      "dev": true,
      "requires": {
        "xmlchars": "^2.2.0"
      }
    },
    "sisteransi": {
      "version": "1.0.5",
      "resolved": "https://repo.dev.wixpress.com/artifactory/api/npm/npm-repos/sisteransi/-/sisteransi-1.0.5.tgz",
      "integrity": "sha1-E01oEpd1ZDfMBcoBNw06elcQde0=",
      "dev": true
    },
    "source-map": {
      "version": "0.6.1",
      "resolved": "https://repo.dev.wixpress.com/artifactory/api/npm/npm-repos/source-map/-/source-map-0.6.1.tgz",
      "integrity": "sha1-dHIq8y6WFOnCh6jQu95IteLxomM=",
      "dev": true,
      "optional": true
    },
    "symbol-tree": {
      "version": "3.2.4",
      "resolved": "https://repo.dev.wixpress.com/artifactory/api/npm/npm-repos/symbol-tree/-/symbol-tree-3.2.4.tgz",
      "integrity": "sha1-QwY30ki6d+B4iDlR+5qg7tfGP6I=",
      "dev": true
    },
    "to-regex-range": {
      "version": "5.0.1",
      "resolved": "https://repo.dev.wixpress.com/artifactory/api/npm/npm-repos/to-regex-range/-/to-regex-range-5.0.1.tgz",
      "integrity": "sha1-FkjESq58jZiKMmAY7XL1tN0DkuQ=",
      "dev": true,
      "requires": {
        "is-number": "^7.0.0"
      }
    },
    "tough-cookie": {
      "version": "4.1.2",
      "resolved": "https://repo.dev.wixpress.com/artifactory/api/npm/npm-repos/tough-cookie/-/tough-cookie-4.1.2.tgz",
      "integrity": "sha1-5T6EuF8k4LZd1Sb0ZijbbIX2uHQ=",
      "dev": true,
      "requires": {
        "psl": "^1.1.33",
        "punycode": "^2.1.1",
        "universalify": "^0.2.0",
        "url-parse": "^1.5.3"
      }
    },
    "tr46": {
      "version": "3.0.0",
      "resolved": "https://repo.dev.wixpress.com/artifactory/api/npm/npm-repos/tr46/-/tr46-3.0.0.tgz",
      "integrity": "sha1-VVxOKXqVBhfo7t3vYzyH1NnWy/k=",
      "dev": true,
      "requires": {
        "punycode": "^2.1.1"
      }
    },
    "tslib": {
      "version": "2.4.1",
      "resolved": "https://repo.dev.wixpress.com/artifactory/api/npm/npm-repos/tslib/-/tslib-2.4.1.tgz",
      "integrity": "sha1-DQv7qsKIC5HiLfB2jlW+l1OlsX4=",
      "dev": true
    },
    "type-check": {
      "version": "0.3.2",
      "resolved": "https://repo.dev.wixpress.com/artifactory/api/npm/npm-repos/type-check/-/type-check-0.3.2.tgz",
      "integrity": "sha1-WITKtRLPHTVeP7eE8wgEsrUg23I=",
      "dev": true,
      "requires": {
        "prelude-ls": "~1.1.2"
      }
    },
    "typescript": {
      "version": "4.9.3",
      "resolved": "https://repo.dev.wixpress.com/artifactory/api/npm/npm-repos/typescript/-/typescript-4.9.3.tgz",
      "integrity": "sha1-OuowfBdGuMOEQ12Kw2uKLlgNhds=",
      "dev": true
    },
    "universalify": {
      "version": "0.2.0",
      "resolved": "https://repo.dev.wixpress.com/artifactory/api/npm/npm-repos/universalify/-/universalify-0.2.0.tgz",
      "integrity": "sha1-ZFF2BWb6hXU0dFqx3elS0bF2G+A=",
      "dev": true
    },
    "url-parse": {
      "version": "1.5.10",
      "resolved": "https://repo.dev.wixpress.com/artifactory/api/npm/npm-repos/url-parse/-/url-parse-1.5.10.tgz",
      "integrity": "sha1-nTwvc2wddd070r5QfcwRHx4uqcE=",
      "dev": true,
      "requires": {
        "querystringify": "^2.1.1",
        "requires-port": "^1.0.0"
      }
    },
    "w3c-hr-time": {
      "version": "1.0.2",
      "resolved": "https://repo.dev.wixpress.com/artifactory/api/npm/npm-repos/w3c-hr-time/-/w3c-hr-time-1.0.2.tgz",
      "integrity": "sha1-ConN9cwVgi35w2BUNnaWPgzDCM0=",
      "dev": true,
      "requires": {
        "browser-process-hrtime": "^1.0.0"
      }
    },
    "w3c-xmlserializer": {
      "version": "3.0.0",
      "resolved": "https://repo.dev.wixpress.com/artifactory/api/npm/npm-repos/w3c-xmlserializer/-/w3c-xmlserializer-3.0.0.tgz",
      "integrity": "sha1-Bs3D7vt+TQsgpWClo66w0tmmWSM=",
      "dev": true,
      "requires": {
        "xml-name-validator": "^4.0.0"
      }
    },
    "web-streams-polyfill": {
      "version": "3.2.1",
      "resolved": "https://repo.dev.wixpress.com/artifactory/api/npm/npm-repos/web-streams-polyfill/-/web-streams-polyfill-3.2.1.tgz",
      "integrity": "sha1-ccJxjFK0X9Sdvu6IY0s6YM6rQqY=",
      "dev": true
    },
    "webidl-conversions": {
      "version": "7.0.0",
      "resolved": "https://repo.dev.wixpress.com/artifactory/api/npm/npm-repos/webidl-conversions/-/webidl-conversions-7.0.0.tgz",
      "integrity": "sha1-JWtOGIK+feu/AdBfCqIDl3jqCAo=",
      "dev": true
    },
    "whatwg-encoding": {
      "version": "2.0.0",
      "resolved": "https://repo.dev.wixpress.com/artifactory/api/npm/npm-repos/whatwg-encoding/-/whatwg-encoding-2.0.0.tgz",
      "integrity": "sha1-52NfWX/YcCCFhiaAWicp+naYrFM=",
      "dev": true,
      "requires": {
        "iconv-lite": "0.6.3"
      }
    },
    "whatwg-mimetype": {
      "version": "3.0.0",
      "resolved": "https://repo.dev.wixpress.com/artifactory/api/npm/npm-repos/whatwg-mimetype/-/whatwg-mimetype-3.0.0.tgz",
      "integrity": "sha1-X6GnYjhn/xr2yj3HKta4pCCL66c=",
      "dev": true
    },
    "whatwg-url": {
      "version": "10.0.0",
      "resolved": "https://repo.dev.wixpress.com/artifactory/api/npm/npm-repos/whatwg-url/-/whatwg-url-10.0.0.tgz",
      "integrity": "sha1-NyZPcgtXW0oxG9QJTtjHYMqqBdo=",
      "dev": true,
      "requires": {
        "tr46": "^3.0.0",
        "webidl-conversions": "^7.0.0"
      }
    },
    "word-wrap": {
      "version": "1.2.3",
      "resolved": "https://repo.dev.wixpress.com/artifactory/api/npm/npm-repos/word-wrap/-/word-wrap-1.2.3.tgz",
      "integrity": "sha1-YQY29rH3A4kb00dxzLF/uTtHB5w=",
      "dev": true
    },
    "ws": {
      "version": "8.11.0",
      "resolved": "https://repo.dev.wixpress.com/artifactory/api/npm/npm-repos/ws/-/ws-8.11.0.tgz",
      "integrity": "sha1-ag02uO39n5bYslaD2y+Nfebo4UM=",
      "dev": true
    },
    "xml-name-validator": {
      "version": "4.0.0",
      "resolved": "https://repo.dev.wixpress.com/artifactory/api/npm/npm-repos/xml-name-validator/-/xml-name-validator-4.0.0.tgz",
      "integrity": "sha1-eaAG4uYxSahgDxVDDwpHJdFSSDU=",
      "dev": true
    },
    "xmlchars": {
      "version": "2.2.0",
      "resolved": "https://repo.dev.wixpress.com/artifactory/api/npm/npm-repos/xmlchars/-/xmlchars-2.2.0.tgz",
      "integrity": "sha1-Bg/hvLf5x2/ioX24apvDq4lCEMs=",
      "dev": true
    }
  }
}
